
Microsoft Visual Studio Solution File, Format Version 12.00
# Visual Studio Version 16
VisualStudioVersion = 16.0.32510.428
MinimumVisualStudioVersion = 10.0.40219.1
Project("{9A19103F-16F7-4668-BE54-9A1E7A4F7556}") = "FoodDonationManagementSystem", "FoodDonationManagementSystem\FoodDonationManagementSystem.csproj", "{B59533E0-CA65-461D-AD6F-113BECE55B11}"
EndProject
Project("{FAE04EC0-301F-11D3-BF4B-00C04F79EFBC}") = "TestProject", "TestProject\TestProject.csproj", "{C75E6EFB-AB6A-45B2-9A0D-ACF6405EF752}"
EndProject
Global
	GlobalSection(SolutionConfigurationPlatforms) = preSolution
		Debug|Any CPU = Debug|Any CPU
		Release|Any CPU = Release|Any CPU
	EndGlobalSection
	GlobalSection(ProjectConfigurationPlatforms) = postSolution
		{B59533E0-CA65-461D-AD6F-113BECE55B11}.Debug|Any CPU.ActiveCfg = Debug|Any CPU
		{B59533E0-CA65-461D-AD6F-113BECE55B11}.Debug|Any CPU.Build.0 = Debug|Any CPU
		{B59533E0-CA65-461D-AD6F-113BECE55B11}.Release|Any CPU.ActiveCfg = Release|Any CPU
		{B59533E0-CA65-461D-AD6F-113BECE55B11}.Release|Any CPU.Build.0 = Release|Any CPU
		{C75E6EFB-AB6A-45B2-9A0D-ACF6405EF752}.Debug|Any CPU.ActiveCfg = Debug|Any CPU
		{C75E6EFB-AB6A-45B2-9A0D-ACF6405EF752}.Debug|Any CPU.Build.0 = Debug|Any CPU
		{C75E6EFB-AB6A-45B2-9A0D-ACF6405EF752}.Release|Any CPU.ActiveCfg = Release|Any CPU
		{C75E6EFB-AB6A-45B2-9A0D-ACF6405EF752}.Release|Any CPU.Build.0 = Release|Any CPU
	EndGlobalSection
	GlobalSection(SolutionProperties) = preSolution
		HideSolutionNode = FALSE
	EndGlobalSection
	GlobalSection(ExtensibilityGlobals) = postSolution
		SolutionGuid = {C08E09D8-D43B-423D-9A48-94C343E8826C}
	EndGlobalSection
EndGlobal
